
Microsoft Visual Studio Solution File, Format Version 12.00
# Visual Studio 14
VisualStudioVersion = 14.0.23107.0
MinimumVisualStudioVersion = 10.0.40219.1
Project("{FAE04EC0-301F-11D3-BF4B-00C04F79EFBC}") = "GroceryCo.Checkout", "src\GroceryCo.Checkout\GroceryCo.Checkout.csproj", "{82379746-9B44-4112-BC6F-636F8C7EAD3B}"
EndProject
Project("{FAE04EC0-301F-11D3-BF4B-00C04F79EFBC}") = "GroceryCo.Checkout.Tests", "src\GroceryCo.Checkout.Tests\GroceryCo.Checkout.Tests.csproj", "{21F350DC-95C5-4584-9954-6776C3943BD4}"
EndProject
Global
	GlobalSection(SolutionConfigurationPlatforms) = preSolution
		Debug|Any CPU = Debug|Any CPU
		Release|Any CPU = Release|Any CPU
	EndGlobalSection
	GlobalSection(ProjectConfigurationPlatforms) = postSolution
		{82379746-9B44-4112-BC6F-636F8C7EAD3B}.Debug|Any CPU.ActiveCfg = Debug|Any CPU
		{82379746-9B44-4112-BC6F-636F8C7EAD3B}.Debug|Any CPU.Build.0 = Debug|Any CPU
		{82379746-9B44-4112-BC6F-636F8C7EAD3B}.Release|Any CPU.ActiveCfg = Release|Any CPU
		{82379746-9B44-4112-BC6F-636F8C7EAD3B}.Release|Any CPU.Build.0 = Release|Any CPU
		{21F350DC-95C5-4584-9954-6776C3943BD4}.Debug|Any CPU.ActiveCfg = Debug|Any CPU
		{21F350DC-95C5-4584-9954-6776C3943BD4}.Debug|Any CPU.Build.0 = Debug|Any CPU
		{21F350DC-95C5-4584-9954-6776C3943BD4}.Release|Any CPU.ActiveCfg = Release|Any CPU
		{21F350DC-95C5-4584-9954-6776C3943BD4}.Release|Any CPU.Build.0 = Release|Any CPU
	EndGlobalSection
	GlobalSection(SolutionProperties) = preSolution
		HideSolutionNode = FALSE
	EndGlobalSection
EndGlobal
